# This file was autogenerated by Stack.
# You should not edit this file by hand.
# For more information, please see the documentation at:
#   https://docs.haskellstack.org/en/stable/lock_files

packages: []
snapshots:
- completed:
    size: 373062
    url: https://raw.githubusercontent.com/commercialhaskell/stackage-snapshots/master/lts/5/0.yaml
    sha256: e388b360985f6c78b6e49adffb19a458a3310a85ccbb2848b46341d936adb8c8
  original: lts-5.0
